
Microsoft Visual Studio Solution File, Format Version 12.00
# Visual Studio 2012
Project("{FAE04EC0-301F-11D3-BF4B-00C04F79EFBC}") = "TradePlatform.MT4.SDK.API", "TradePlatform.MT4.SDK.API.csproj", "{487B7CC7-F73F-4943-8E1E-C80C17E9FA01}"
EndProject
Global
	GlobalSection(SolutionConfigurationPlatforms) = preSolution
		Debug|Any CPU = Debug|Any CPU
		Release|Any CPU = Release|Any CPU
	EndGlobalSection
	GlobalSection(ProjectConfigurationPlatforms) = postSolution
		{487B7CC7-F73F-4943-8E1E-C80C17E9FA01}.Debug|Any CPU.ActiveCfg = Debug|Any CPU
		{487B7CC7-F73F-4943-8E1E-C80C17E9FA01}.Debug|Any CPU.Build.0 = Debug|Any CPU
		{487B7CC7-F73F-4943-8E1E-C80C17E9FA01}.Release|Any CPU.ActiveCfg = Release|Any CPU
		{487B7CC7-F73F-4943-8E1E-C80C17E9FA01}.Release|Any CPU.Build.0 = Release|Any CPU
	EndGlobalSection
	GlobalSection(SolutionProperties) = preSolution
		HideSolutionNode = FALSE
	EndGlobalSection
EndGlobal
