
Microsoft Visual Studio Solution File, Format Version 12.00
# Visual Studio 2012
Project("{FAE04EC0-301F-11D3-BF4B-00C04F79EFBC}") = "TradePlatform.MT4.Engine", "TradePlatform.MT4.Engine.csproj", "{F763DCD8-6232-43E9-8649-BB8FB2FA91B8}"
EndProject
Global
	GlobalSection(SolutionConfigurationPlatforms) = preSolution
		Debug|Any CPU = Debug|Any CPU
		Release|Any CPU = Release|Any CPU
	EndGlobalSection
	GlobalSection(ProjectConfigurationPlatforms) = postSolution
		{F763DCD8-6232-43E9-8649-BB8FB2FA91B8}.Debug|Any CPU.ActiveCfg = Debug|Any CPU
		{F763DCD8-6232-43E9-8649-BB8FB2FA91B8}.Debug|Any CPU.Build.0 = Debug|Any CPU
		{F763DCD8-6232-43E9-8649-BB8FB2FA91B8}.Release|Any CPU.ActiveCfg = Release|Any CPU
		{F763DCD8-6232-43E9-8649-BB8FB2FA91B8}.Release|Any CPU.Build.0 = Release|Any CPU
	EndGlobalSection
	GlobalSection(SolutionProperties) = preSolution
		HideSolutionNode = FALSE
	EndGlobalSection
EndGlobal
